// !$*UTF8*$!
{
	archiveVersion = 1;
	classes = {
	};
	objectVersion = 77;
	objects = {

/* Begin PBXBuildFile section */
		30B0F16D2EA371140021D1A4 /* AsyncAlgorithms in Frameworks */ = {isa = PBXBuildFile; productRef = 30B0F16C2EA371140021D1A4 /* AsyncAlgorithms */; };
		388C526A2EA332D400E18784 /* Lottie in Frameworks */ = {isa = PBXBuildFile; productRef = 388C52692EA332D400E18784 /* Lottie */; };
		F12CC8512EA3273100589185 /* Dependencies in Frameworks */ = {isa = PBXBuildFile; productRef = F12CC8502EA3273100589185 /* Dependencies */; };
		F12CC8532EA3273100589185 /* DependenciesMacros in Frameworks */ = {isa = PBXBuildFile; productRef = F12CC8522EA3273100589185 /* DependenciesMacros */; };
		F12CC8562EA3282E00589185 /* HeadphoneMotion in Frameworks */ = {isa = PBXBuildFile; productRef = F12CC8552EA3282E00589185 /* HeadphoneMotion */; };
		F1EE53B22EA3868C00C9FDED /* WidgetKit.framework in Frameworks */ = {isa = PBXBuildFile; fileRef = F1EE53B12EA3868C00C9FDED /* WidgetKit.framework */; };
		F1EE53B42EA3868C00C9FDED /* SwiftUI.framework in Frameworks */ = {isa = PBXBuildFile; fileRef = F1EE53B32EA3868C00C9FDED /* SwiftUI.framework */; };
		F1EE53C52EA3868E00C9FDED /* NemulertWidgetExtension.appex in Embed Foundation Extensions */ = {isa = PBXBuildFile; fileRef = F1EE53AF2EA3868C00C9FDED /* NemulertWidgetExtension.appex */; settings = {ATTRIBUTES = (RemoveHeadersOnCopy, ); }; };
/* End PBXBuildFile section */

/* Begin PBXContainerItemProxy section */
		F1421CCC2EA14839004A5AA6 /* PBXContainerItemProxy */ = {
			isa = PBXContainerItemProxy;
			containerPortal = F1421CB62EA14838004A5AA6 /* Project object */;
			proxyType = 1;
			remoteGlobalIDString = F1421CBD2EA14838004A5AA6;
			remoteInfo = Nemulert;
		};
		F1421CD62EA14839004A5AA6 /* PBXContainerItemProxy */ = {
			isa = PBXContainerItemProxy;
			containerPortal = F1421CB62EA14838004A5AA6 /* Project object */;
			proxyType = 1;
			remoteGlobalIDString = F1421CBD2EA14838004A5AA6;
			remoteInfo = Nemulert;
		};
		F1EE53C32EA3868E00C9FDED /* PBXContainerItemProxy */ = {
			isa = PBXContainerItemProxy;
			containerPortal = F1421CB62EA14838004A5AA6 /* Project object */;
			proxyType = 1;
			remoteGlobalIDString = F1EE53AE2EA3868C00C9FDED;
			remoteInfo = NemulertWidgetExtension;
		};
/* End PBXContainerItemProxy section */

/* Begin PBXCopyFilesBuildPhase section */
		F1EE53CA2EA3868E00C9FDED /* Embed Foundation Extensions */ = {
			isa = PBXCopyFilesBuildPhase;
			buildActionMask = 2147483647;
			dstPath = "";
			dstSubfolderSpec = 13;
			files = (
				F1EE53C52EA3868E00C9FDED /* NemulertWidgetExtension.appex in Embed Foundation Extensions */,
			);
			name = "Embed Foundation Extensions";
			runOnlyForDeploymentPostprocessing = 0;
		};
/* End PBXCopyFilesBuildPhase section */

/* Begin PBXFileReference section */
		F1421CBE2EA14838004A5AA6 /* Nemulert.app */ = {isa = PBXFileReference; explicitFileType = wrapper.application; includeInIndex = 0; path = Nemulert.app; sourceTree = BUILT_PRODUCTS_DIR; };
		F1421CCB2EA14839004A5AA6 /* NemulertTests.xctest */ = {isa = PBXFileReference; explicitFileType = wrapper.cfbundle; includeInIndex = 0; path = NemulertTests.xctest; sourceTree = BUILT_PRODUCTS_DIR; };
		F1421CD52EA14839004A5AA6 /* NemulertUITests.xctest */ = {isa = PBXFileReference; explicitFileType = wrapper.cfbundle; includeInIndex = 0; path = NemulertUITests.xctest; sourceTree = BUILT_PRODUCTS_DIR; };
		F1EE53AF2EA3868C00C9FDED /* NemulertWidgetExtension.appex */ = {isa = PBXFileReference; explicitFileType = "wrapper.app-extension"; includeInIndex = 0; path = NemulertWidgetExtension.appex; sourceTree = BUILT_PRODUCTS_DIR; };
		F1EE53B12EA3868C00C9FDED /* WidgetKit.framework */ = {isa = PBXFileReference; lastKnownFileType = wrapper.framework; name = WidgetKit.framework; path = System/Library/Frameworks/WidgetKit.framework; sourceTree = SDKROOT; };
		F1EE53B32EA3868C00C9FDED /* SwiftUI.framework */ = {isa = PBXFileReference; lastKnownFileType = wrapper.framework; name = SwiftUI.framework; path = System/Library/Frameworks/SwiftUI.framework; sourceTree = SDKROOT; };
		F1EE53D32EA3879900C9FDED /* AlarmKit.framework */ = {isa = PBXFileReference; lastKnownFileType = wrapper.framework; name = AlarmKit.framework; path = Platforms/iPhoneOS.platform/Developer/SDKs/iPhoneOS26.0.sdk/System/Library/Frameworks/AlarmKit.framework; sourceTree = DEVELOPER_DIR; };
/* End PBXFileReference section */

/* Begin PBXFileSystemSynchronizedBuildFileExceptionSet section */
		F1DBD4312EA14AF100D5426A /* Exceptions for "Nemulert" folder in "Nemulert" target */ = {
			isa = PBXFileSystemSynchronizedBuildFileExceptionSet;
			membershipExceptions = (
				Info.plist,
			);
			target = F1421CBD2EA14838004A5AA6 /* Nemulert */;
		};
		F1EE53C92EA3868E00C9FDED /* Exceptions for "NemulertWidget" folder in "NemulertWidgetExtension" target */ = {
			isa = PBXFileSystemSynchronizedBuildFileExceptionSet;
			membershipExceptions = (
				Info.plist,
			);
			target = F1EE53AE2EA3868C00C9FDED /* NemulertWidgetExtension */;
		};
		F1EE53D22EA3873400C9FDED /* Exceptions for "Nemulert" folder in "NemulertWidgetExtension" target */ = {
			isa = PBXFileSystemSynchronizedBuildFileExceptionSet;
			membershipExceptions = (
				Entity/DozingData.swift,
				Helper/CancelAlarmIntent.swift,
			);
			target = F1EE53AE2EA3868C00C9FDED /* NemulertWidgetExtension */;
		};
/* End PBXFileSystemSynchronizedBuildFileExceptionSet section */

/* Begin PBXFileSystemSynchronizedRootGroup section */
		F1421CC02EA14838004A5AA6 /* Nemulert */ = {
			isa = PBXFileSystemSynchronizedRootGroup;
			exceptions = (
				F1DBD4312EA14AF100D5426A /* Exceptions for "Nemulert" folder in "Nemulert" target */,
				F1EE53D22EA3873400C9FDED /* Exceptions for "Nemulert" folder in "NemulertWidgetExtension" target */,
			);
			path = Nemulert;
			sourceTree = "<group>";
		};
		F1421CCE2EA14839004A5AA6 /* NemulertTests */ = {
			isa = PBXFileSystemSynchronizedRootGroup;
			path = NemulertTests;
			sourceTree = "<group>";
		};
		F1421CD82EA14839004A5AA6 /* NemulertUITests */ = {
			isa = PBXFileSystemSynchronizedRootGroup;
			path = NemulertUITests;
			sourceTree = "<group>";
		};
		F1EE53B52EA3868C00C9FDED /* NemulertWidget */ = {
			isa = PBXFileSystemSynchronizedRootGroup;
			exceptions = (
				F1EE53C92EA3868E00C9FDED /* Exceptions for "NemulertWidget" folder in "NemulertWidgetExtension" target */,
			);
			path = NemulertWidget;
			sourceTree = "<group>";
		};
/* End PBXFileSystemSynchronizedRootGroup section */

/* Begin PBXFrameworksBuildPhase section */
		F1421CBB2EA14838004A5AA6 /* Frameworks */ = {
			isa = PBXFrameworksBuildPhase;
			buildActionMask = 2147483647;
			files = (
				F12CC8532EA3273100589185 /* DependenciesMacros in Frameworks */,
				F12CC8562EA3282E00589185 /* HeadphoneMotion in Frameworks */,
				F12CC8512EA3273100589185 /* Dependencies in Frameworks */,
				388C526A2EA332D400E18784 /* Lottie in Frameworks */,
				30B0F16D2EA371140021D1A4 /* AsyncAlgorithms in Frameworks */,
			);
			runOnlyForDeploymentPostprocessing = 0;
		};
		F1421CC82EA14839004A5AA6 /* Frameworks */ = {
			isa = PBXFrameworksBuildPhase;
			buildActionMask = 2147483647;
			files = (
			);
			runOnlyForDeploymentPostprocessing = 0;
		};
		F1421CD22EA14839004A5AA6 /* Frameworks */ = {
			isa = PBXFrameworksBuildPhase;
			buildActionMask = 2147483647;
			files = (
			);
			runOnlyForDeploymentPostprocessing = 0;
		};
		F1EE53AC2EA3868C00C9FDED /* Frameworks */ = {
			isa = PBXFrameworksBuildPhase;
			buildActionMask = 2147483647;
			files = (
				F1EE53B42EA3868C00C9FDED /* SwiftUI.framework in Frameworks */,
				F1EE53B22EA3868C00C9FDED /* WidgetKit.framework in Frameworks */,
			);
			runOnlyForDeploymentPostprocessing = 0;
		};
/* End PBXFrameworksBuildPhase section */

/* Begin PBXGroup section */
		F1421CB52EA14838004A5AA6 = {
			isa = PBXGroup;
			children = (
				F1421CC02EA14838004A5AA6 /* Nemulert */,
				F1421CCE2EA14839004A5AA6 /* NemulertTests */,
				F1421CD82EA14839004A5AA6 /* NemulertUITests */,
				F1EE53B52EA3868C00C9FDED /* NemulertWidget */,
				F1EE53B02EA3868C00C9FDED /* Frameworks */,
				F1421CBF2EA14838004A5AA6 /* Products */,
			);
			sourceTree = "<group>";
		};
		F1421CBF2EA14838004A5AA6 /* Products */ = {
			isa = PBXGroup;
			children = (
				F1421CBE2EA14838004A5AA6 /* Nemulert.app */,
				F1421CCB2EA14839004A5AA6 /* NemulertTests.xctest */,
				F1421CD52EA14839004A5AA6 /* NemulertUITests.xctest */,
				F1EE53AF2EA3868C00C9FDED /* NemulertWidgetExtension.appex */,
			);
			name = Products;
			sourceTree = "<group>";
		};
		F1EE53B02EA3868C00C9FDED /* Frameworks */ = {
			isa = PBXGroup;
			children = (
				F1EE53D32EA3879900C9FDED /* AlarmKit.framework */,
				F1EE53B12EA3868C00C9FDED /* WidgetKit.framework */,
				F1EE53B32EA3868C00C9FDED /* SwiftUI.framework */,
			);
			name = Frameworks;
			sourceTree = "<group>";
		};
/* End PBXGroup section */

/* Begin PBXNativeTarget section */
		F1421CBD2EA14838004A5AA6 /* Nemulert */ = {
			isa = PBXNativeTarget;
			buildConfigurationList = F1421CDF2EA14839004A5AA6 /* Build configuration list for PBXNativeTarget "Nemulert" */;
			buildPhases = (
				F1421CBA2EA14838004A5AA6 /* Sources */,
				F1421CBB2EA14838004A5AA6 /* Frameworks */,
				F1421CBC2EA14838004A5AA6 /* Resources */,
				F1EE53CA2EA3868E00C9FDED /* Embed Foundation Extensions */,
			);
			buildRules = (
			);
			dependencies = (
				F1EE53C42EA3868E00C9FDED /* PBXTargetDependency */,
			);
			fileSystemSynchronizedGroups = (
				F1421CC02EA14838004A5AA6 /* Nemulert */,
			);
			name = Nemulert;
			packageProductDependencies = (
				F12CC8502EA3273100589185 /* Dependencies */,
				F12CC8522EA3273100589185 /* DependenciesMacros */,
				F12CC8552EA3282E00589185 /* HeadphoneMotion */,
				388C52692EA332D400E18784 /* Lottie */,
				30B0F16C2EA371140021D1A4 /* AsyncAlgorithms */,
			);
			productName = Nemulert;
			productReference = F1421CBE2EA14838004A5AA6 /* Nemulert.app */;
			productType = "com.apple.product-type.application";
		};
		F1421CCA2EA14839004A5AA6 /* NemulertTests */ = {
			isa = PBXNativeTarget;
			buildConfigurationList = F1421CE22EA14839004A5AA6 /* Build configuration list for PBXNativeTarget "NemulertTests" */;
			buildPhases = (
				F1421CC72EA14839004A5AA6 /* Sources */,
				F1421CC82EA14839004A5AA6 /* Frameworks */,
				F1421CC92EA14839004A5AA6 /* Resources */,
			);
			buildRules = (
			);
			dependencies = (
				F1421CCD2EA14839004A5AA6 /* PBXTargetDependency */,
			);
			fileSystemSynchronizedGroups = (
				F1421CCE2EA14839004A5AA6 /* NemulertTests */,
			);
			name = NemulertTests;
			packageProductDependencies = (
			);
			productName = NemulertTests;
			productReference = F1421CCB2EA14839004A5AA6 /* NemulertTests.xctest */;
			productType = "com.apple.product-type.bundle.unit-test";
		};
		F1421CD42EA14839004A5AA6 /* NemulertUITests */ = {
			isa = PBXNativeTarget;
			buildConfigurationList = F1421CE52EA14839004A5AA6 /* Build configuration list for PBXNativeTarget "NemulertUITests" */;
			buildPhases = (
				F1421CD12EA14839004A5AA6 /* Sources */,
				F1421CD22EA14839004A5AA6 /* Frameworks */,
				F1421CD32EA14839004A5AA6 /* Resources */,
			);
			buildRules = (
			);
			dependencies = (
				F1421CD72EA14839004A5AA6 /* PBXTargetDependency */,
			);
			fileSystemSynchronizedGroups = (
				F1421CD82EA14839004A5AA6 /* NemulertUITests */,
			);
			name = NemulertUITests;
			packageProductDependencies = (
			);
			productName = NemulertUITests;
			productReference = F1421CD52EA14839004A5AA6 /* NemulertUITests.xctest */;
			productType = "com.apple.product-type.bundle.ui-testing";
		};
		F1EE53AE2EA3868C00C9FDED /* NemulertWidgetExtension */ = {
			isa = PBXNativeTarget;
			buildConfigurationList = F1EE53C62EA3868E00C9FDED /* Build configuration list for PBXNativeTarget "NemulertWidgetExtension" */;
			buildPhases = (
				F1EE53AB2EA3868C00C9FDED /* Sources */,
				F1EE53AC2EA3868C00C9FDED /* Frameworks */,
				F1EE53AD2EA3868C00C9FDED /* Resources */,
			);
			buildRules = (
			);
			dependencies = (
			);
			fileSystemSynchronizedGroups = (
				F1EE53B52EA3868C00C9FDED /* NemulertWidget */,
			);
			name = NemulertWidgetExtension;
			packageProductDependencies = (
			);
			productName = NemulertWidgetExtension;
			productReference = F1EE53AF2EA3868C00C9FDED /* NemulertWidgetExtension.appex */;
			productType = "com.apple.product-type.app-extension";
		};
/* End PBXNativeTarget section */

/* Begin PBXProject section */
		F1421CB62EA14838004A5AA6 /* Project object */ = {
			isa = PBXProject;
			attributes = {
				BuildIndependentTargetsInParallel = 1;
				LastSwiftUpdateCheck = 2600;
				LastUpgradeCheck = 2600;
				TargetAttributes = {
					F1421CBD2EA14838004A5AA6 = {
						CreatedOnToolsVersion = 26.0.1;
					};
					F1421CCA2EA14839004A5AA6 = {
						CreatedOnToolsVersion = 26.0.1;
						TestTargetID = F1421CBD2EA14838004A5AA6;
					};
					F1421CD42EA14839004A5AA6 = {
						CreatedOnToolsVersion = 26.0.1;
						TestTargetID = F1421CBD2EA14838004A5AA6;
					};
					F1EE53AE2EA3868C00C9FDED = {
						CreatedOnToolsVersion = 26.0.1;
					};
				};
			};
			buildConfigurationList = F1421CB92EA14838004A5AA6 /* Build configuration list for PBXProject "Nemulert" */;
			developmentRegion = en;
			hasScannedForEncodings = 0;
			knownRegions = (
				en,
				Base,
				ja,
			);
			mainGroup = F1421CB52EA14838004A5AA6;
			minimizedProjectReferenceProxies = 1;
			packageReferences = (
				F12CC84F2EA3273100589185 /* XCRemoteSwiftPackageReference "swift-dependencies" */,
				F12CC8542EA3282E00589185 /* XCRemoteSwiftPackageReference "kantacky-kit" */,
				388C52682EA332D400E18784 /* XCRemoteSwiftPackageReference "lottie-ios" */,
				30B0F16B2EA371140021D1A4 /* XCRemoteSwiftPackageReference "swift-async-algorithms" */,
			);
			preferredProjectObjectVersion = 77;
			productRefGroup = F1421CBF2EA14838004A5AA6 /* Products */;
			projectDirPath = "";
			projectRoot = "";
			targets = (
				F1421CBD2EA14838004A5AA6 /* Nemulert */,
				F1421CCA2EA14839004A5AA6 /* NemulertTests */,
				F1421CD42EA14839004A5AA6 /* NemulertUITests */,
				F1EE53AE2EA3868C00C9FDED /* NemulertWidgetExtension */,
			);
		};
/* End PBXProject section */

/* Begin PBXResourcesBuildPhase section */
		F1421CBC2EA14838004A5AA6 /* Resources */ = {
			isa = PBXResourcesBuildPhase;
			buildActionMask = 2147483647;
			files = (
			);
			runOnlyForDeploymentPostprocessing = 0;
		};
		F1421CC92EA14839004A5AA6 /* Resources */ = {
			isa = PBXResourcesBuildPhase;
			buildActionMask = 2147483647;
			files = (
			);
			runOnlyForDeploymentPostprocessing = 0;
		};
		F1421CD32EA14839004A5AA6 /* Resources */ = {
			isa = PBXResourcesBuildPhase;
			buildActionMask = 2147483647;
			files = (
			);
			runOnlyForDeploymentPostprocessing = 0;
		};
		F1EE53AD2EA3868C00C9FDED /* Resources */ = {
			isa = PBXResourcesBuildPhase;
			buildActionMask = 2147483647;
			files = (
			);
			runOnlyForDeploymentPostprocessing = 0;
		};
/* End PBXResourcesBuildPhase section */

/* Begin PBXSourcesBuildPhase section */
		F1421CBA2EA14838004A5AA6 /* Sources */ = {
			isa = PBXSourcesBuildPhase;
			buildActionMask = 2147483647;
			files = (
			);
			runOnlyForDeploymentPostprocessing = 0;
		};
		F1421CC72EA14839004A5AA6 /* Sources */ = {
			isa = PBXSourcesBuildPhase;
			buildActionMask = 2147483647;
			files = (
			);
			runOnlyForDeploymentPostprocessing = 0;
		};
		F1421CD12EA14839004A5AA6 /* Sources */ = {
			isa = PBXSourcesBuildPhase;
			buildActionMask = 2147483647;
			files = (
			);
			runOnlyForDeploymentPostprocessing = 0;
		};
		F1EE53AB2EA3868C00C9FDED /* Sources */ = {
			isa = PBXSourcesBuildPhase;
			buildActionMask = 2147483647;
			files = (
			);
			runOnlyForDeploymentPostprocessing = 0;
		};
/* End PBXSourcesBuildPhase section */

/* Begin PBXTargetDependency section */
		F1421CCD2EA14839004A5AA6 /* PBXTargetDependency */ = {
			isa = PBXTargetDependency;
			target = F1421CBD2EA14838004A5AA6 /* Nemulert */;
			targetProxy = F1421CCC2EA14839004A5AA6 /* PBXContainerItemProxy */;
		};
		F1421CD72EA14839004A5AA6 /* PBXTargetDependency */ = {
			isa = PBXTargetDependency;
			target = F1421CBD2EA14838004A5AA6 /* Nemulert */;
			targetProxy = F1421CD62EA14839004A5AA6 /* PBXContainerItemProxy */;
		};
		F1EE53C42EA3868E00C9FDED /* PBXTargetDependency */ = {
			isa = PBXTargetDependency;
			target = F1EE53AE2EA3868C00C9FDED /* NemulertWidgetExtension */;
			targetProxy = F1EE53C32EA3868E00C9FDED /* PBXContainerItemProxy */;
		};
/* End PBXTargetDependency section */

/* Begin XCBuildConfiguration section */
		F1421CDD2EA14839004A5AA6 /* Debug */ = {
			isa = XCBuildConfiguration;
			buildSettings = {
				ALWAYS_SEARCH_USER_PATHS = NO;
				ASSETCATALOG_COMPILER_GENERATE_SWIFT_ASSET_SYMBOL_EXTENSIONS = YES;
				CLANG_ANALYZER_NONNULL = YES;
				CLANG_ANALYZER_NUMBER_OBJECT_CONVERSION = YES_AGGRESSIVE;
				CLANG_CXX_LANGUAGE_STANDARD = "gnu++20";
				CLANG_ENABLE_MODULES = YES;
				CLANG_ENABLE_OBJC_ARC = YES;
				CLANG_ENABLE_OBJC_WEAK = YES;
				CLANG_WARN_BLOCK_CAPTURE_AUTORELEASING = YES;
				CLANG_WARN_BOOL_CONVERSION = YES;
				CLANG_WARN_COMMA = YES;
				CLANG_WARN_CONSTANT_CONVERSION = YES;
				CLANG_WARN_DEPRECATED_OBJC_IMPLEMENTATIONS = YES;
				CLANG_WARN_DIRECT_OBJC_ISA_USAGE = YES_ERROR;
				CLANG_WARN_DOCUMENTATION_COMMENTS = YES;
				CLANG_WARN_EMPTY_BODY = YES;
				CLANG_WARN_ENUM_CONVERSION = YES;
				CLANG_WARN_INFINITE_RECURSION = YES;
				CLANG_WARN_INT_CONVERSION = YES;
				CLANG_WARN_NON_LITERAL_NULL_CONVERSION = YES;
				CLANG_WARN_OBJC_IMPLICIT_RETAIN_SELF = YES;
				CLANG_WARN_OBJC_LITERAL_CONVERSION = YES;
				CLANG_WARN_OBJC_ROOT_CLASS = YES_ERROR;
				CLANG_WARN_QUOTED_INCLUDE_IN_FRAMEWORK_HEADER = YES;
				CLANG_WARN_RANGE_LOOP_ANALYSIS = YES;
				CLANG_WARN_STRICT_PROTOTYPES = YES;
				CLANG_WARN_SUSPICIOUS_MOVE = YES;
				CLANG_WARN_UNGUARDED_AVAILABILITY = YES_AGGRESSIVE;
				CLANG_WARN_UNREACHABLE_CODE = YES;
				CLANG_WARN__DUPLICATE_METHOD_MATCH = YES;
				COPY_PHASE_STRIP = NO;
				DEBUG_INFORMATION_FORMAT = dwarf;
				DEVELOPMENT_TEAM = 4YP7SQBLYV;
				ENABLE_STRICT_OBJC_MSGSEND = YES;
				ENABLE_TESTABILITY = YES;
				ENABLE_USER_SCRIPT_SANDBOXING = YES;
				GCC_C_LANGUAGE_STANDARD = gnu17;
				GCC_DYNAMIC_NO_PIC = NO;
				GCC_NO_COMMON_BLOCKS = YES;
				GCC_OPTIMIZATION_LEVEL = 0;
				GCC_PREPROCESSOR_DEFINITIONS = (
					"DEBUG=1",
					"$(inherited)",
				);
				GCC_WARN_64_TO_32_BIT_CONVERSION = YES;
				GCC_WARN_ABOUT_RETURN_TYPE = YES_ERROR;
				GCC_WARN_UNDECLARED_SELECTOR = YES;
				GCC_WARN_UNINITIALIZED_AUTOS = YES_AGGRESSIVE;
				GCC_WARN_UNUSED_FUNCTION = YES;
				GCC_WARN_UNUSED_VARIABLE = YES;
				LOCALIZATION_PREFERS_STRING_CATALOGS = YES;
				MTL_ENABLE_DEBUG_INFO = INCLUDE_SOURCE;
				MTL_FAST_MATH = YES;
				ONLY_ACTIVE_ARCH = YES;
				SWIFT_ACTIVE_COMPILATION_CONDITIONS = "DEBUG $(inherited)";
				SWIFT_EMIT_LOC_STRINGS = YES;
				SWIFT_OPTIMIZATION_LEVEL = "-Onone";
			};
			name = Debug;
		};
		F1421CDE2EA14839004A5AA6 /* Release */ = {
			isa = XCBuildConfiguration;
			buildSettings = {
				ALWAYS_SEARCH_USER_PATHS = NO;
				ASSETCATALOG_COMPILER_GENERATE_SWIFT_ASSET_SYMBOL_EXTENSIONS = YES;
				CLANG_ANALYZER_NONNULL = YES;
				CLANG_ANALYZER_NUMBER_OBJECT_CONVERSION = YES_AGGRESSIVE;
				CLANG_CXX_LANGUAGE_STANDARD = "gnu++20";
				CLANG_ENABLE_MODULES = YES;
				CLANG_ENABLE_OBJC_ARC = YES;
				CLANG_ENABLE_OBJC_WEAK = YES;
				CLANG_WARN_BLOCK_CAPTURE_AUTORELEASING = YES;
				CLANG_WARN_BOOL_CONVERSION = YES;
				CLANG_WARN_COMMA = YES;
				CLANG_WARN_CONSTANT_CONVERSION = YES;
				CLANG_WARN_DEPRECATED_OBJC_IMPLEMENTATIONS = YES;
				CLANG_WARN_DIRECT_OBJC_ISA_USAGE = YES_ERROR;
				CLANG_WARN_DOCUMENTATION_COMMENTS = YES;
				CLANG_WARN_EMPTY_BODY = YES;
				CLANG_WARN_ENUM_CONVERSION = YES;
				CLANG_WARN_INFINITE_RECURSION = YES;
				CLANG_WARN_INT_CONVERSION = YES;
				CLANG_WARN_NON_LITERAL_NULL_CONVERSION = YES;
				CLANG_WARN_OBJC_IMPLICIT_RETAIN_SELF = YES;
				CLANG_WARN_OBJC_LITERAL_CONVERSION = YES;
				CLANG_WARN_OBJC_ROOT_CLASS = YES_ERROR;
				CLANG_WARN_QUOTED_INCLUDE_IN_FRAMEWORK_HEADER = YES;
				CLANG_WARN_RANGE_LOOP_ANALYSIS = YES;
				CLANG_WARN_STRICT_PROTOTYPES = YES;
				CLANG_WARN_SUSPICIOUS_MOVE = YES;
				CLANG_WARN_UNGUARDED_AVAILABILITY = YES_AGGRESSIVE;
				CLANG_WARN_UNREACHABLE_CODE = YES;
				CLANG_WARN__DUPLICATE_METHOD_MATCH = YES;
				COPY_PHASE_STRIP = NO;
				DEBUG_INFORMATION_FORMAT = "dwarf-with-dsym";
				DEVELOPMENT_TEAM = 4YP7SQBLYV;
				ENABLE_NS_ASSERTIONS = NO;
				ENABLE_STRICT_OBJC_MSGSEND = YES;
				ENABLE_USER_SCRIPT_SANDBOXING = YES;
				GCC_C_LANGUAGE_STANDARD = gnu17;
				GCC_NO_COMMON_BLOCKS = YES;
				GCC_WARN_64_TO_32_BIT_CONVERSION = YES;
				GCC_WARN_ABOUT_RETURN_TYPE = YES_ERROR;
				GCC_WARN_UNDECLARED_SELECTOR = YES;
				GCC_WARN_UNINITIALIZED_AUTOS = YES_AGGRESSIVE;
				GCC_WARN_UNUSED_FUNCTION = YES;
				GCC_WARN_UNUSED_VARIABLE = YES;
				LOCALIZATION_PREFERS_STRING_CATALOGS = YES;
				MTL_ENABLE_DEBUG_INFO = NO;
				MTL_FAST_MATH = YES;
				SWIFT_COMPILATION_MODE = wholemodule;
				SWIFT_EMIT_LOC_STRINGS = YES;
			};
			name = Release;
		};
		F1421CE02EA14839004A5AA6 /* Debug */ = {
			isa = XCBuildConfiguration;
			buildSettings = {
				ASSETCATALOG_COMPILER_APPICON_NAME = AppIcon;
				ASSETCATALOG_COMPILER_GLOBAL_ACCENT_COLOR_NAME = AccentColor;
				CODE_SIGN_ENTITLEMENTS = Nemulert/Nemulert.entitlements;
				CODE_SIGN_IDENTITY = "Apple Development";
				"CODE_SIGN_IDENTITY[sdk=iphoneos*]" = "iPhone Developer";
				CODE_SIGN_STYLE = Manual;
				CURRENT_PROJECT_VERSION = 1;
				DEVELOPMENT_TEAM = "";
				"DEVELOPMENT_TEAM[sdk=iphoneos*]" = 4YP7SQBLYV;
				ENABLE_APP_SANDBOX = YES;
				ENABLE_HARDENED_RUNTIME = YES;
				ENABLE_PREVIEWS = YES;
				ENABLE_USER_SELECTED_FILES = readonly;
				GENERATE_INFOPLIST_FILE = YES;
				INFOPLIST_FILE = Nemulert/Info.plist;
				INFOPLIST_KEY_ITSAppUsesNonExemptEncryption = NO;
				INFOPLIST_KEY_NSMotionUsageDescription = "Use motion data to detect dozing.";
				"INFOPLIST_KEY_UIApplicationSceneManifest_Generation[sdk=iphoneos*]" = YES;
				"INFOPLIST_KEY_UIApplicationSceneManifest_Generation[sdk=iphonesimulator*]" = YES;
				"INFOPLIST_KEY_UIApplicationSupportsIndirectInputEvents[sdk=iphoneos*]" = YES;
				"INFOPLIST_KEY_UIApplicationSupportsIndirectInputEvents[sdk=iphonesimulator*]" = YES;
				"INFOPLIST_KEY_UILaunchScreen_Generation[sdk=iphoneos*]" = YES;
				"INFOPLIST_KEY_UILaunchScreen_Generation[sdk=iphonesimulator*]" = YES;
				"INFOPLIST_KEY_UIStatusBarStyle[sdk=iphoneos*]" = UIStatusBarStyleDefault;
				"INFOPLIST_KEY_UIStatusBarStyle[sdk=iphonesimulator*]" = UIStatusBarStyleDefault;
				INFOPLIST_KEY_UISupportedInterfaceOrientations_iPad = "UIInterfaceOrientationPortrait UIInterfaceOrientationPortraitUpsideDown UIInterfaceOrientationLandscapeLeft UIInterfaceOrientationLandscapeRight";
				INFOPLIST_KEY_UISupportedInterfaceOrientations_iPhone = "UIInterfaceOrientationPortrait UIInterfaceOrientationLandscapeLeft UIInterfaceOrientationLandscapeRight";
				IPHONEOS_DEPLOYMENT_TARGET = 26.0;
				LD_RUNPATH_SEARCH_PATHS = "@executable_path/Frameworks";
				"LD_RUNPATH_SEARCH_PATHS[sdk=macosx*]" = "@executable_path/../Frameworks";
				MACOSX_DEPLOYMENT_TARGET = 26.0;
				MARKETING_VERSION = 1.0;
				PRODUCT_BUNDLE_IDENTIFIER = co.furari.Nemulert;
				PRODUCT_NAME = "$(TARGET_NAME)";
				PROVISIONING_PROFILE_SPECIFIER = "";
				"PROVISIONING_PROFILE_SPECIFIER[sdk=iphoneos*]" = "match Development co.furari.Nemulert";
				REGISTER_APP_GROUPS = YES;
				SDKROOT = auto;
				STRING_CATALOG_GENERATE_SYMBOLS = YES;
				SUPPORTED_PLATFORMS = "iphoneos iphonesimulator";
				SUPPORTS_MACCATALYST = NO;
				SUPPORTS_MAC_DESIGNED_FOR_IPHONE_IPAD = YES;
				SWIFT_APPROACHABLE_CONCURRENCY = YES;
				SWIFT_DEFAULT_ACTOR_ISOLATION = MainActor;
				SWIFT_EMIT_LOC_STRINGS = YES;
				SWIFT_UPCOMING_FEATURE_MEMBER_IMPORT_VISIBILITY = YES;
				SWIFT_VERSION = 6.0;
				TARGETED_DEVICE_FAMILY = "1,2";
				XROS_DEPLOYMENT_TARGET = 26.0;
			};
			name = Debug;
		};
		F1421CE12EA14839004A5AA6 /* Release */ = {
			isa = XCBuildConfiguration;
			buildSettings = {
				ASSETCATALOG_COMPILER_APPICON_NAME = AppIcon;
				ASSETCATALOG_COMPILER_GLOBAL_ACCENT_COLOR_NAME = AccentColor;
				CODE_SIGN_ENTITLEMENTS = Nemulert/Nemulert.entitlements;
				CODE_SIGN_IDENTITY = "Apple Development";
				"CODE_SIGN_IDENTITY[sdk=iphoneos*]" = "iPhone Developer";
				CODE_SIGN_STYLE = Manual;
				CURRENT_PROJECT_VERSION = 1;
				DEVELOPMENT_TEAM = "";
				"DEVELOPMENT_TEAM[sdk=iphoneos*]" = 4YP7SQBLYV;
				ENABLE_APP_SANDBOX = YES;
				ENABLE_HARDENED_RUNTIME = YES;
				ENABLE_PREVIEWS = YES;
				ENABLE_USER_SELECTED_FILES = readonly;
				GENERATE_INFOPLIST_FILE = YES;
				INFOPLIST_FILE = Nemulert/Info.plist;
				INFOPLIST_KEY_ITSAppUsesNonExemptEncryption = NO;
				INFOPLIST_KEY_NSMotionUsageDescription = "Use motion data to detect dozing.";
				"INFOPLIST_KEY_UIApplicationSceneManifest_Generation[sdk=iphoneos*]" = YES;
				"INFOPLIST_KEY_UIApplicationSceneManifest_Generation[sdk=iphonesimulator*]" = YES;
				"INFOPLIST_KEY_UIApplicationSupportsIndirectInputEvents[sdk=iphoneos*]" = YES;
				"INFOPLIST_KEY_UIApplicationSupportsIndirectInputEvents[sdk=iphonesimulator*]" = YES;
				"INFOPLIST_KEY_UILaunchScreen_Generation[sdk=iphoneos*]" = YES;
				"INFOPLIST_KEY_UILaunchScreen_Generation[sdk=iphonesimulator*]" = YES;
				"INFOPLIST_KEY_UIStatusBarStyle[sdk=iphoneos*]" = UIStatusBarStyleDefault;
				"INFOPLIST_KEY_UIStatusBarStyle[sdk=iphonesimulator*]" = UIStatusBarStyleDefault;
				INFOPLIST_KEY_UISupportedInterfaceOrientations_iPad = "UIInterfaceOrientationPortrait UIInterfaceOrientationPortraitUpsideDown UIInterfaceOrientationLandscapeLeft UIInterfaceOrientationLandscapeRight";
				INFOPLIST_KEY_UISupportedInterfaceOrientations_iPhone = "UIInterfaceOrientationPortrait UIInterfaceOrientationLandscapeLeft UIInterfaceOrientationLandscapeRight";
				IPHONEOS_DEPLOYMENT_TARGET = 26.0;
				LD_RUNPATH_SEARCH_PATHS = "@executable_path/Frameworks";
				"LD_RUNPATH_SEARCH_PATHS[sdk=macosx*]" = "@executable_path/../Frameworks";
				MACOSX_DEPLOYMENT_TARGET = 26.0;
				MARKETING_VERSION = 1.0;
				PRODUCT_BUNDLE_IDENTIFIER = co.furari.Nemulert;
				PRODUCT_NAME = "$(TARGET_NAME)";
				PROVISIONING_PROFILE_SPECIFIER = "";
				"PROVISIONING_PROFILE_SPECIFIER[sdk=iphoneos*]" = "match Development co.furari.Nemulert";
				REGISTER_APP_GROUPS = YES;
				SDKROOT = auto;
				STRING_CATALOG_GENERATE_SYMBOLS = YES;
				SUPPORTED_PLATFORMS = "iphoneos iphonesimulator";
				SUPPORTS_MACCATALYST = NO;
				SUPPORTS_MAC_DESIGNED_FOR_IPHONE_IPAD = YES;
				SWIFT_APPROACHABLE_CONCURRENCY = YES;
				SWIFT_DEFAULT_ACTOR_ISOLATION = MainActor;
				SWIFT_EMIT_LOC_STRINGS = YES;
				SWIFT_UPCOMING_FEATURE_MEMBER_IMPORT_VISIBILITY = YES;
				SWIFT_VERSION = 6.0;
				TARGETED_DEVICE_FAMILY = "1,2";
				XROS_DEPLOYMENT_TARGET = 26.0;
			};
			name = Release;
		};
		F1421CE32EA14839004A5AA6 /* Debug */ = {
			isa = XCBuildConfiguration;
			buildSettings = {
				BUNDLE_LOADER = "$(TEST_HOST)";
				CODE_SIGN_STYLE = Automatic;
				CURRENT_PROJECT_VERSION = 1;
				DEVELOPMENT_TEAM = 4YP7SQBLYV;
				GENERATE_INFOPLIST_FILE = YES;
				IPHONEOS_DEPLOYMENT_TARGET = 26.0;
				MACOSX_DEPLOYMENT_TARGET = 26.0;
				MARKETING_VERSION = 1.0;
				PRODUCT_BUNDLE_IDENTIFIER = co.furari.NemulertTests;
				PRODUCT_NAME = "$(TARGET_NAME)";
				SDKROOT = auto;
				STRING_CATALOG_GENERATE_SYMBOLS = NO;
				SUPPORTED_PLATFORMS = "iphoneos iphonesimulator";
				SUPPORTS_MACCATALYST = NO;
				SUPPORTS_MAC_DESIGNED_FOR_IPHONE_IPAD = YES;
				SWIFT_APPROACHABLE_CONCURRENCY = YES;
				SWIFT_EMIT_LOC_STRINGS = NO;
				SWIFT_UPCOMING_FEATURE_MEMBER_IMPORT_VISIBILITY = YES;
				SWIFT_VERSION = 6.0;
				TARGETED_DEVICE_FAMILY = "1,2";
				TEST_HOST = "$(BUILT_PRODUCTS_DIR)/Nemulert.app/$(BUNDLE_EXECUTABLE_FOLDER_PATH)/Nemulert";
				XROS_DEPLOYMENT_TARGET = 26.0;
			};
			name = Debug;
		};
		F1421CE42EA14839004A5AA6 /* Release */ = {
			isa = XCBuildConfiguration;
			buildSettings = {
				BUNDLE_LOADER = "$(TEST_HOST)";
				CODE_SIGN_STYLE = Automatic;
				CURRENT_PROJECT_VERSION = 1;
				DEVELOPMENT_TEAM = 4YP7SQBLYV;
				GENERATE_INFOPLIST_FILE = YES;
				IPHONEOS_DEPLOYMENT_TARGET = 26.0;
				MACOSX_DEPLOYMENT_TARGET = 26.0;
				MARKETING_VERSION = 1.0;
				PRODUCT_BUNDLE_IDENTIFIER = co.furari.NemulertTests;
				PRODUCT_NAME = "$(TARGET_NAME)";
				SDKROOT = auto;
				STRING_CATALOG_GENERATE_SYMBOLS = NO;
				SUPPORTED_PLATFORMS = "iphoneos iphonesimulator";
				SUPPORTS_MACCATALYST = NO;
				SUPPORTS_MAC_DESIGNED_FOR_IPHONE_IPAD = YES;
				SWIFT_APPROACHABLE_CONCURRENCY = YES;
				SWIFT_EMIT_LOC_STRINGS = NO;
				SWIFT_UPCOMING_FEATURE_MEMBER_IMPORT_VISIBILITY = YES;
				SWIFT_VERSION = 6.0;
				TARGETED_DEVICE_FAMILY = "1,2";
				TEST_HOST = "$(BUILT_PRODUCTS_DIR)/Nemulert.app/$(BUNDLE_EXECUTABLE_FOLDER_PATH)/Nemulert";
				XROS_DEPLOYMENT_TARGET = 26.0;
			};
			name = Release;
		};
		F1421CE62EA14839004A5AA6 /* Debug */ = {
			isa = XCBuildConfiguration;
			buildSettings = {
				CODE_SIGN_STYLE = Automatic;
				CURRENT_PROJECT_VERSION = 1;
				DEVELOPMENT_TEAM = 4YP7SQBLYV;
				GENERATE_INFOPLIST_FILE = YES;
				IPHONEOS_DEPLOYMENT_TARGET = 26.0;
				MACOSX_DEPLOYMENT_TARGET = 26.0;
				MARKETING_VERSION = 1.0;
				PRODUCT_BUNDLE_IDENTIFIER = co.furari.NemulertUITests;
				PRODUCT_NAME = "$(TARGET_NAME)";
				SDKROOT = auto;
				STRING_CATALOG_GENERATE_SYMBOLS = NO;
				SUPPORTED_PLATFORMS = "iphoneos iphonesimulator";
				SUPPORTS_MACCATALYST = NO;
				SUPPORTS_MAC_DESIGNED_FOR_IPHONE_IPAD = YES;
				SWIFT_APPROACHABLE_CONCURRENCY = YES;
				SWIFT_EMIT_LOC_STRINGS = NO;
				SWIFT_UPCOMING_FEATURE_MEMBER_IMPORT_VISIBILITY = YES;
				SWIFT_VERSION = 6.0;
				TARGETED_DEVICE_FAMILY = "1,2";
				TEST_TARGET_NAME = Nemulert;
				XROS_DEPLOYMENT_TARGET = 26.0;
			};
			name = Debug;
		};
		F1421CE72EA14839004A5AA6 /* Release */ = {
			isa = XCBuildConfiguration;
			buildSettings = {
				CODE_SIGN_STYLE = Automatic;
				CURRENT_PROJECT_VERSION = 1;
				DEVELOPMENT_TEAM = 4YP7SQBLYV;
				GENERATE_INFOPLIST_FILE = YES;
				IPHONEOS_DEPLOYMENT_TARGET = 26.0;
				MACOSX_DEPLOYMENT_TARGET = 26.0;
				MARKETING_VERSION = 1.0;
				PRODUCT_BUNDLE_IDENTIFIER = co.furari.NemulertUITests;
				PRODUCT_NAME = "$(TARGET_NAME)";
				SDKROOT = auto;
				STRING_CATALOG_GENERATE_SYMBOLS = NO;
				SUPPORTED_PLATFORMS = "iphoneos iphonesimulator";
				SUPPORTS_MACCATALYST = NO;
				SUPPORTS_MAC_DESIGNED_FOR_IPHONE_IPAD = YES;
				SWIFT_APPROACHABLE_CONCURRENCY = YES;
				SWIFT_EMIT_LOC_STRINGS = NO;
				SWIFT_UPCOMING_FEATURE_MEMBER_IMPORT_VISIBILITY = YES;
				SWIFT_VERSION = 6.0;
				TARGETED_DEVICE_FAMILY = "1,2";
				TEST_TARGET_NAME = Nemulert;
				XROS_DEPLOYMENT_TARGET = 26.0;
			};
			name = Release;
		};
		F1EE53C72EA3868E00C9FDED /* Debug */ = {
			isa = XCBuildConfiguration;
			buildSettings = {
				ASSETCATALOG_COMPILER_GLOBAL_ACCENT_COLOR_NAME = AccentColor;
				ASSETCATALOG_COMPILER_WIDGET_BACKGROUND_COLOR_NAME = WidgetBackground;
				CODE_SIGN_IDENTITY = "Apple Development";
				"CODE_SIGN_IDENTITY[sdk=iphoneos*]" = "iPhone Developer";
				CODE_SIGN_STYLE = Manual;
				CURRENT_PROJECT_VERSION = 1;
				DEVELOPMENT_TEAM = "";
				"DEVELOPMENT_TEAM[sdk=iphoneos*]" = 4YP7SQBLYV;
				GENERATE_INFOPLIST_FILE = YES;
				INFOPLIST_FILE = NemulertWidget/Info.plist;
				INFOPLIST_KEY_CFBundleDisplayName = NemulertWidget;
				INFOPLIST_KEY_NSHumanReadableCopyright = "";
				IPHONEOS_DEPLOYMENT_TARGET = 26.0;
				LD_RUNPATH_SEARCH_PATHS = (
					"$(inherited)",
					"@executable_path/Frameworks",
					"@executable_path/../../Frameworks",
				);
				MARKETING_VERSION = 1.0;
				PRODUCT_BUNDLE_IDENTIFIER = co.furari.Nemulert.NemulertWidget;
				PRODUCT_NAME = "$(TARGET_NAME)";
				PROVISIONING_PROFILE_SPECIFIER = "";
				"PROVISIONING_PROFILE_SPECIFIER[sdk=iphoneos*]" = "match Development co.furari.Nemulert.NemulertWidget";
				SDKROOT = iphoneos;
				SKIP_INSTALL = YES;
				STRING_CATALOG_GENERATE_SYMBOLS = YES;
				SWIFT_APPROACHABLE_CONCURRENCY = YES;
				SWIFT_EMIT_LOC_STRINGS = YES;
				SWIFT_UPCOMING_FEATURE_MEMBER_IMPORT_VISIBILITY = YES;
				SWIFT_VERSION = 5.0;
				TARGETED_DEVICE_FAMILY = "1,2";
			};
			name = Debug;
		};
		F1EE53C82EA3868E00C9FDED /* Release */ = {
			isa = XCBuildConfiguration;
			buildSettings = {
				ASSETCATALOG_COMPILER_GLOBAL_ACCENT_COLOR_NAME = AccentColor;
				ASSETCATALOG_COMPILER_WIDGET_BACKGROUND_COLOR_NAME = WidgetBackground;
				CODE_SIGN_IDENTITY = "Apple Development";
				"CODE_SIGN_IDENTITY[sdk=iphoneos*]" = "iPhone Developer";
				CODE_SIGN_STYLE = Manual;
				CURRENT_PROJECT_VERSION = 1;
				DEVELOPMENT_TEAM = "";
				"DEVELOPMENT_TEAM[sdk=iphoneos*]" = 4YP7SQBLYV;
				GENERATE_INFOPLIST_FILE = YES;
				INFOPLIST_FILE = NemulertWidget/Info.plist;
				INFOPLIST_KEY_CFBundleDisplayName = NemulertWidget;
				INFOPLIST_KEY_NSHumanReadableCopyright = "";
				IPHONEOS_DEPLOYMENT_TARGET = 26.0;
				LD_RUNPATH_SEARCH_PATHS = (
					"$(inherited)",
					"@executable_path/Frameworks",
					"@executable_path/../../Frameworks",
				);
				MARKETING_VERSION = 1.0;
				PRODUCT_BUNDLE_IDENTIFIER = co.furari.Nemulert.NemulertWidget;
				PRODUCT_NAME = "$(TARGET_NAME)";
				PROVISIONING_PROFILE_SPECIFIER = "";
				"PROVISIONING_PROFILE_SPECIFIER[sdk=iphoneos*]" = "match Development co.furari.Nemulert.NemulertWidget";
				SDKROOT = iphoneos;
				SKIP_INSTALL = YES;
				STRING_CATALOG_GENERATE_SYMBOLS = YES;
				SWIFT_APPROACHABLE_CONCURRENCY = YES;
				SWIFT_EMIT_LOC_STRINGS = YES;
				SWIFT_UPCOMING_FEATURE_MEMBER_IMPORT_VISIBILITY = YES;
				SWIFT_VERSION = 5.0;
				TARGETED_DEVICE_FAMILY = "1,2";
				VALIDATE_PRODUCT = YES;
			};
			name = Release;
		};
/* End XCBuildConfiguration section */

/* Begin XCConfigurationList section */
		F1421CB92EA14838004A5AA6 /* Build configuration list for PBXProject "Nemulert" */ = {
			isa = XCConfigurationList;
			buildConfigurations = (
				F1421CDD2EA14839004A5AA6 /* Debug */,
				F1421CDE2EA14839004A5AA6 /* Release */,
			);
			defaultConfigurationIsVisible = 0;
			defaultConfigurationName = Release;
		};
		F1421CDF2EA14839004A5AA6 /* Build configuration list for PBXNativeTarget "Nemulert" */ = {
			isa = XCConfigurationList;
			buildConfigurations = (
				F1421CE02EA14839004A5AA6 /* Debug */,
				F1421CE12EA14839004A5AA6 /* Release */,
			);
			defaultConfigurationIsVisible = 0;
			defaultConfigurationName = Release;
		};
		F1421CE22EA14839004A5AA6 /* Build configuration list for PBXNativeTarget "NemulertTests" */ = {
			isa = XCConfigurationList;
			buildConfigurations = (
				F1421CE32EA14839004A5AA6 /* Debug */,
				F1421CE42EA14839004A5AA6 /* Release */,
			);
			defaultConfigurationIsVisible = 0;
			defaultConfigurationName = Release;
		};
		F1421CE52EA14839004A5AA6 /* Build configuration list for PBXNativeTarget "NemulertUITests" */ = {
			isa = XCConfigurationList;
			buildConfigurations = (
				F1421CE62EA14839004A5AA6 /* Debug */,
				F1421CE72EA14839004A5AA6 /* Release */,
			);
			defaultConfigurationIsVisible = 0;
			defaultConfigurationName = Release;
		};
		F1EE53C62EA3868E00C9FDED /* Build configuration list for PBXNativeTarget "NemulertWidgetExtension" */ = {
			isa = XCConfigurationList;
			buildConfigurations = (
				F1EE53C72EA3868E00C9FDED /* Debug */,
				F1EE53C82EA3868E00C9FDED /* Release */,
			);
			defaultConfigurationIsVisible = 0;
			defaultConfigurationName = Release;
		};
/* End XCConfigurationList section */

/* Begin XCRemoteSwiftPackageReference section */
		30B0F16B2EA371140021D1A4 /* XCRemoteSwiftPackageReference "swift-async-algorithms" */ = {
			isa = XCRemoteSwiftPackageReference;
			repositoryURL = "https://github.com/apple/swift-async-algorithms.git";
			requirement = {
				kind = upToNextMajorVersion;
				minimumVersion = 1.0.4;
			};
		};
		388C52682EA332D400E18784 /* XCRemoteSwiftPackageReference "lottie-ios" */ = {
			isa = XCRemoteSwiftPackageReference;
			repositoryURL = "https://github.com/airbnb/lottie-ios";
			requirement = {
				kind = upToNextMajorVersion;
				minimumVersion = 4.5.2;
			};
		};
		F12CC84F2EA3273100589185 /* XCRemoteSwiftPackageReference "swift-dependencies" */ = {
			isa = XCRemoteSwiftPackageReference;
			repositoryURL = "https://github.com/pointfreeco/swift-dependencies";
			requirement = {
				kind = upToNextMajorVersion;
				minimumVersion = 1.10.0;
			};
		};
		F12CC8542EA3282E00589185 /* XCRemoteSwiftPackageReference "kantacky-kit" */ = {
			isa = XCRemoteSwiftPackageReference;
			repositoryURL = "https://github.com/kantacky/kantacky-kit";
			requirement = {
				kind = upToNextMajorVersion;
				minimumVersion = 0.1.0;
			};
		};
/* End XCRemoteSwiftPackageReference section */

/* Begin XCSwiftPackageProductDependency section */
		30B0F16C2EA371140021D1A4 /* AsyncAlgorithms */ = {
			isa = XCSwiftPackageProductDependency;
			package = 30B0F16B2EA371140021D1A4 /* XCRemoteSwiftPackageReference "swift-async-algorithms" */;
			productName = AsyncAlgorithms;
		};
		388C52692EA332D400E18784 /* Lottie */ = {
			isa = XCSwiftPackageProductDependency;
			package = 388C52682EA332D400E18784 /* XCRemoteSwiftPackageReference "lottie-ios" */;
			productName = Lottie;
		};
		F12CC8502EA3273100589185 /* Dependencies */ = {
			isa = XCSwiftPackageProductDependency;
			package = F12CC84F2EA3273100589185 /* XCRemoteSwiftPackageReference "swift-dependencies" */;
			productName = Dependencies;
		};
		F12CC8522EA3273100589185 /* DependenciesMacros */ = {
			isa = XCSwiftPackageProductDependency;
			package = F12CC84F2EA3273100589185 /* XCRemoteSwiftPackageReference "swift-dependencies" */;
			productName = DependenciesMacros;
		};
		F12CC8552EA3282E00589185 /* HeadphoneMotion */ = {
			isa = XCSwiftPackageProductDependency;
			package = F12CC8542EA3282E00589185 /* XCRemoteSwiftPackageReference "kantacky-kit" */;
			productName = HeadphoneMotion;
		};
/* End XCSwiftPackageProductDependency section */
	};
	rootObject = F1421CB62EA14838004A5AA6 /* Project object */;
}
