{
  "originHash" : "0889062efc176fccf1b4aedae1fb7847faeaeb5b8162c59b7a3b518d65dd7f57",
  "pins" : [
    {
      "identity" : "kantacky-kit",
      "kind" : "remoteSourceControl",
      "location" : "https://github.com/kantacky/kantacky-kit",
      "state" : {
        "revision" : "76645081317b7534dac4e2d4a553ef0d1df22d93",
        "version" : "0.1.3"
      }
    },
    {
      "identity" : "lottie-ios",
      "kind" : "remoteSourceControl",
      "location" : "https://github.com/airbnb/lottie-ios",
      "state" : {
        "revision" : "a004050748dc197c56256a14dca49a035d74726c",
        "version" : "4.5.2"
      }
    }
  ],
  "version" : 3
}
