{
  "originHash" : "0889062efc176fccf1b4aedae1fb7847faeaeb5b8162c59b7a3b518d65dd7f57",
  "pins" : [
    {
      "identity" : "kantacky-kit",
      "kind" : "remoteSourceControl",
      "location" : "https://github.com/kantacky/kantacky-kit",
      "state" : {
        "revision" : "c7843d08c20b0fb7557d08833a1bfa94c3b042b4",
        "version" : "0.1.0"
      }
    },
    {
      "identity" : "lottie-ios",
      "kind" : "remoteSourceControl",
      "location" : "https://github.com/airbnb/lottie-ios",
      "state" : {
        "revision" : "a004050748dc197c56256a14dca49a035d74726c",
        "version" : "4.5.2"
      }
    }
  ],
  "version" : 3
}
